{
    "format_version": "0.2",
    "terraform_version": "1.0.5",
    "variables": {
        "global_cluster_identifier": {
            "value": "app1-rds-global"
        },
        "rds_primary_cluster_identifier": {
            "value": "app1-rds-primary"
        },
        "rds_secondary_cluster_identifier": {
            "value": "app1-rds-secondary"
        }
    },
    "planned_values": {
        "root_module": {
            "resources": [
                {
                    "address": "aws_rds_cluster.primary",
                    "mode": "managed",
                    "type": "aws_rds_cluster",
                    "name": "primary",
                    "provider_name": "registry.terraform.io/hashicorp/aws",
                    "schema_version": 0,
                    "values": {
                        "allow_major_version_upgrade": null,
                        "backtrack_window": null,
                        "backup_retention_period": 1,
                        "cluster_identifier": "app1-rds-primary",
                        "copy_tags_to_snapshot": false,
                        "database_name": "example_db",
                        "db_subnet_group_name": "default",
                        "deletion_protection": null,
                        "enable_http_endpoint": false,
                        "enabled_cloudwatch_logs_exports": null,
                        "engine": "aurora",
                        "engine_mode": "provisioned",
                        "engine_version": "5.6.mysql_aurora.1.22.2",
                        "final_snapshot_identifier": null,
                        "iam_database_authentication_enabled": null,
                        "master_password": "somepass123",
                        "master_username": "username",
                        "replication_source_identifier": null,
                        "restore_to_point_in_time": [],
                        "s3_import": [],
                        "scaling_configuration": [],
                        "skip_final_snapshot": false,
                        "snapshot_identifier": null,
                        "source_region": null,
                        "tags": null,
                        "timeouts": null
                    },
                    "sensitive_values": {
                        "availability_zones": [],
                        "cluster_members": [],
                        "iam_roles": [],
                        "restore_to_point_in_time": [],
                        "s3_import": [],
                        "scaling_configuration": [],
                        "tags_all": {},
                        "vpc_security_group_ids": []
                    }
                },
                {
                    "address": "aws_rds_cluster.secondary",
                    "mode": "managed",
                    "type": "aws_rds_cluster",
                    "name": "secondary",
                    "provider_name": "registry.terraform.io/hashicorp/aws",
                    "schema_version": 0,
                    "values": {
                        "allow_major_version_upgrade": null,
                        "backtrack_window": null,
                        "backup_retention_period": 1,
                        "cluster_identifier": "app1-rds-secondary",
                        "copy_tags_to_snapshot": false,
                        "db_subnet_group_name": "default",
                        "deletion_protection": null,
                        "enable_http_endpoint": false,
                        "enabled_cloudwatch_logs_exports": null,
                        "engine": "aurora",
                        "engine_mode": "provisioned",
                        "engine_version": "5.6.mysql_aurora.1.22.2",
                        "final_snapshot_identifier": null,
                        "iam_database_authentication_enabled": null,
                        "master_password": null,
                        "replication_source_identifier": null,
                        "restore_to_point_in_time": [],
                        "s3_import": [],
                        "scaling_configuration": [],
                        "skip_final_snapshot": false,
                        "snapshot_identifier": null,
                        "source_region": null,
                        "tags": null,
                        "timeouts": null
                    },
                    "sensitive_values": {
                        "availability_zones": [],
                        "cluster_members": [],
                        "iam_roles": [],
                        "restore_to_point_in_time": [],
                        "s3_import": [],
                        "scaling_configuration": [],
                        "tags_all": {},
                        "vpc_security_group_ids": []
                    }
                },
                {
                    "address": "aws_rds_cluster_instance.primary",
                    "mode": "managed",
                    "type": "aws_rds_cluster_instance",
                    "name": "primary",
                    "provider_name": "registry.terraform.io/hashicorp/aws",
                    "schema_version": 0,
                    "values": {
                        "auto_minor_version_upgrade": true,
                        "copy_tags_to_snapshot": false,
                        "db_subnet_group_name": "default",
                        "engine": "aurora",
                        "engine_version": "5.6.mysql_aurora.1.22.2",
                        "identifier": "app1-primary-cluster-instance",
                        "instance_class": "db.r4.large",
                        "monitoring_interval": 0,
                        "promotion_tier": 0,
                        "publicly_accessible": false,
                        "tags": null,
                        "timeouts": null
                    },
                    "sensitive_values": {
                        "tags_all": {}
                    }
                },
                {
                    "address": "aws_rds_cluster_instance.secondary",
                    "mode": "managed",
                    "type": "aws_rds_cluster_instance",
                    "name": "secondary",
                    "provider_name": "registry.terraform.io/hashicorp/aws",
                    "schema_version": 0,
                    "values": {
                        "auto_minor_version_upgrade": true,
                        "copy_tags_to_snapshot": false,
                        "db_subnet_group_name": "default",
                        "engine": "aurora",
                        "engine_version": "5.6.mysql_aurora.1.22.2",
                        "identifier": "app1-secondary-cluster-instance",
                        "instance_class": "db.r4.large",
                        "monitoring_interval": 0,
                        "promotion_tier": 0,
                        "publicly_accessible": false,
                        "tags": null,
                        "timeouts": null
                    },
                    "sensitive_values": {
                        "tags_all": {}
                    }
                },
                {
                    "address": "aws_rds_global_cluster.example",
                    "mode": "managed",
                    "type": "aws_rds_global_cluster",
                    "name": "example",
                    "provider_name": "registry.terraform.io/hashicorp/aws",
                    "schema_version": 0,
                    "values": {
                        "database_name": "example_db",
                        "deletion_protection": false,
                        "engine": "aurora",
                        "engine_version": "5.6.mysql_aurora.1.22.2",
                        "force_destroy": null,
                        "global_cluster_identifier": "app1-rds-global"
                    },
                    "sensitive_values": {
                        "global_cluster_members": []
                    }
                }
            ]
        }
    },
    "resource_changes": [
        {
            "address": "aws_rds_cluster.primary",
            "mode": "managed",
            "type": "aws_rds_cluster",
            "name": "primary",
            "provider_name": "registry.terraform.io/hashicorp/aws",
            "change": {
                "actions": [
                    "create"
                ],
                "before": null,
                "after": {
                    "allow_major_version_upgrade": null,
                    "backtrack_window": null,
                    "backup_retention_period": 1,
                    "cluster_identifier": "app1-rds-primary",
                    "copy_tags_to_snapshot": false,
                    "database_name": "example_db",
                    "db_subnet_group_name": "default",
                    "deletion_protection": null,
                    "enable_http_endpoint": false,
                    "enabled_cloudwatch_logs_exports": null,
                    "engine": "aurora",
                    "engine_mode": "provisioned",
                    "engine_version": "5.6.mysql_aurora.1.22.2",
                    "final_snapshot_identifier": null,
                    "iam_database_authentication_enabled": null,
                    "master_password": "somepass123",
                    "master_username": "username",
                    "replication_source_identifier": null,
                    "restore_to_point_in_time": [],
                    "s3_import": [],
                    "scaling_configuration": [],
                    "skip_final_snapshot": false,
                    "snapshot_identifier": null,
                    "source_region": null,
                    "tags": null,
                    "timeouts": null
                },
                "after_unknown": {
                    "apply_immediately": true,
                    "arn": true,
                    "availability_zones": true,
                    "cluster_identifier_prefix": true,
                    "cluster_members": true,
                    "cluster_resource_id": true,
                    "db_cluster_parameter_group_name": true,
                    "endpoint": true,
                    "engine_version_actual": true,
                    "global_cluster_identifier": true,
                    "hosted_zone_id": true,
                    "iam_roles": true,
                    "id": true,
                    "kms_key_id": true,
                    "port": true,
                    "preferred_backup_window": true,
                    "preferred_maintenance_window": true,
                    "reader_endpoint": true,
                    "restore_to_point_in_time": [],
                    "s3_import": [],
                    "scaling_configuration": [],
                    "storage_encrypted": true,
                    "tags_all": true,
                    "vpc_security_group_ids": true
                },
                "before_sensitive": false,
                "after_sensitive": {
                    "availability_zones": [],
                    "cluster_members": [],
                    "iam_roles": [],
                    "master_password": true,
                    "restore_to_point_in_time": [],
                    "s3_import": [],
                    "scaling_configuration": [],
                    "tags_all": {},
                    "vpc_security_group_ids": []
                }
            }
        },
        {
            "address": "aws_rds_cluster.secondary",
            "mode": "managed",
            "type": "aws_rds_cluster",
            "name": "secondary",
            "provider_name": "registry.terraform.io/hashicorp/aws",
            "change": {
                "actions": [
                    "create"
                ],
                "before": null,
                "after": {
                    "allow_major_version_upgrade": null,
                    "backtrack_window": null,
                    "backup_retention_period": 1,
                    "cluster_identifier": "app1-rds-secondary",
                    "copy_tags_to_snapshot": false,
                    "db_subnet_group_name": "default",
                    "deletion_protection": null,
                    "enable_http_endpoint": false,
                    "enabled_cloudwatch_logs_exports": null,
                    "engine": "aurora",
                    "engine_mode": "provisioned",
                    "engine_version": "5.6.mysql_aurora.1.22.2",
                    "final_snapshot_identifier": null,
                    "iam_database_authentication_enabled": null,
                    "master_password": null,
                    "replication_source_identifier": null,
                    "restore_to_point_in_time": [],
                    "s3_import": [],
                    "scaling_configuration": [],
                    "skip_final_snapshot": false,
                    "snapshot_identifier": null,
                    "source_region": null,
                    "tags": null,
                    "timeouts": null
                },
                "after_unknown": {
                    "apply_immediately": true,
                    "arn": true,
                    "availability_zones": true,
                    "cluster_identifier_prefix": true,
                    "cluster_members": true,
                    "cluster_resource_id": true,
                    "database_name": true,
                    "db_cluster_parameter_group_name": true,
                    "endpoint": true,
                    "engine_version_actual": true,
                    "global_cluster_identifier": true,
                    "hosted_zone_id": true,
                    "iam_roles": true,
                    "id": true,
                    "kms_key_id": true,
                    "master_username": true,
                    "port": true,
                    "preferred_backup_window": true,
                    "preferred_maintenance_window": true,
                    "reader_endpoint": true,
                    "restore_to_point_in_time": [],
                    "s3_import": [],
                    "scaling_configuration": [],
                    "storage_encrypted": true,
                    "tags_all": true,
                    "vpc_security_group_ids": true
                },
                "before_sensitive": false,
                "after_sensitive": {
                    "availability_zones": [],
                    "cluster_members": [],
                    "iam_roles": [],
                    "master_password": true,
                    "restore_to_point_in_time": [],
                    "s3_import": [],
                    "scaling_configuration": [],
                    "tags_all": {},
                    "vpc_security_group_ids": []
                }
            }
        },
        {
            "address": "aws_rds_cluster_instance.primary",
            "mode": "managed",
            "type": "aws_rds_cluster_instance",
            "name": "primary",
            "provider_name": "registry.terraform.io/hashicorp/aws",
            "change": {
                "actions": [
                    "create"
                ],
                "before": null,
                "after": {
                    "auto_minor_version_upgrade": true,
                    "copy_tags_to_snapshot": false,
                    "db_subnet_group_name": "default",
                    "engine": "aurora",
                    "engine_version": "5.6.mysql_aurora.1.22.2",
                    "identifier": "app1-primary-cluster-instance",
                    "instance_class": "db.r4.large",
                    "monitoring_interval": 0,
                    "promotion_tier": 0,
                    "publicly_accessible": false,
                    "tags": null,
                    "timeouts": null
                },
                "after_unknown": {
                    "apply_immediately": true,
                    "arn": true,
                    "availability_zone": true,
                    "ca_cert_identifier": true,
                    "cluster_identifier": true,
                    "db_parameter_group_name": true,
                    "dbi_resource_id": true,
                    "endpoint": true,
                    "engine_version_actual": true,
                    "id": true,
                    "identifier_prefix": true,
                    "kms_key_id": true,
                    "monitoring_role_arn": true,
                    "performance_insights_enabled": true,
                    "performance_insights_kms_key_id": true,
                    "port": true,
                    "preferred_backup_window": true,
                    "preferred_maintenance_window": true,
                    "storage_encrypted": true,
                    "tags_all": true,
                    "writer": true
                },
                "before_sensitive": false,
                "after_sensitive": {
                    "tags_all": {}
                }
            }
        },
        {
            "address": "aws_rds_cluster_instance.secondary",
            "mode": "managed",
            "type": "aws_rds_cluster_instance",
            "name": "secondary",
            "provider_name": "registry.terraform.io/hashicorp/aws",
            "change": {
                "actions": [
                    "create"
                ],
                "before": null,
                "after": {
                    "auto_minor_version_upgrade": true,
                    "copy_tags_to_snapshot": false,
                    "db_subnet_group_name": "default",
                    "engine": "aurora",
                    "engine_version": "5.6.mysql_aurora.1.22.2",
                    "identifier": "app1-secondary-cluster-instance",
                    "instance_class": "db.r4.large",
                    "monitoring_interval": 0,
                    "promotion_tier": 0,
                    "publicly_accessible": false,
                    "tags": null,
                    "timeouts": null
                },
                "after_unknown": {
                    "apply_immediately": true,
                    "arn": true,
                    "availability_zone": true,
                    "ca_cert_identifier": true,
                    "cluster_identifier": true,
                    "db_parameter_group_name": true,
                    "dbi_resource_id": true,
                    "endpoint": true,
                    "engine_version_actual": true,
                    "id": true,
                    "identifier_prefix": true,
                    "kms_key_id": true,
                    "monitoring_role_arn": true,
                    "performance_insights_enabled": true,
                    "performance_insights_kms_key_id": true,
                    "port": true,
                    "preferred_backup_window": true,
                    "preferred_maintenance_window": true,
                    "storage_encrypted": true,
                    "tags_all": true,
                    "writer": true
                },
                "before_sensitive": false,
                "after_sensitive": {
                    "tags_all": {}
                }
            }
        },
        {
            "address": "aws_rds_global_cluster.example",
            "mode": "managed",
            "type": "aws_rds_global_cluster",
            "name": "example",
            "provider_name": "registry.terraform.io/hashicorp/aws",
            "change": {
                "actions": [
                    "create"
                ],
                "before": null,
                "after": {
                    "database_name": "example_db",
                    "deletion_protection": false,
                    "engine": "aurora",
                    "engine_version": "5.6.mysql_aurora.1.22.2",
                    "force_destroy": null,
                    "global_cluster_identifier": "app1-rds-global"
                },
                "after_unknown": {
                    "arn": true,
                    "global_cluster_members": true,
                    "global_cluster_resource_id": true,
                    "id": true,
                    "source_db_cluster_identifier": true,
                    "storage_encrypted": true
                },
                "before_sensitive": false,
                "after_sensitive": {
                    "global_cluster_members": []
                }
            }
        }
    ],
    "configuration": {
        "provider_config": {
            "aws": {
                "name": "aws",
                "version_constraint": "3.60.0"
            },
            "aws.primary": {
                "name": "aws",
                "alias": "primary",
                "version_constraint": "3.60.0",
                "expressions": {
                    "access_key": {
                        "constant_value": "mock_access_key"
                    },
                    "region": {
                        "constant_value": "us-east-2"
                    },
                    "secret_key": {
                        "constant_value": "mock_secret_key"
                    },
                    "skip_credentials_validation": {
                        "constant_value": true
                    },
                    "skip_requesting_account_id": {
                        "constant_value": true
                    }
                }
            },
            "aws.secondary": {
                "name": "aws",
                "alias": "secondary",
                "version_constraint": "3.60.0",
                "expressions": {
                    "access_key": {
                        "constant_value": "mock_access_key"
                    },
                    "region": {
                        "constant_value": "us-east-2"
                    },
                    "secret_key": {
                        "constant_value": "mock_secret_key"
                    },
                    "skip_credentials_validation": {
                        "constant_value": true
                    },
                    "skip_requesting_account_id": {
                        "constant_value": true
                    }
                }
            }
        },
        "root_module": {
            "resources": [
                {
                    "address": "aws_rds_cluster.primary",
                    "mode": "managed",
                    "type": "aws_rds_cluster",
                    "name": "primary",
                    "provider_config_key": "aws.primary",
                    "expressions": {
                        "cluster_identifier": {
                            "references": [
                                "var.rds_primary_cluster_identifier"
                            ]
                        },
                        "database_name": {
                            "constant_value": "example_db"
                        },
                        "db_subnet_group_name": {
                            "constant_value": "default"
                        },
                        "engine": {
                            "references": [
                                "aws_rds_global_cluster.example.engine",
                                "aws_rds_global_cluster.example"
                            ]
                        },
                        "engine_version": {
                            "references": [
                                "aws_rds_global_cluster.example.engine_version",
                                "aws_rds_global_cluster.example"
                            ]
                        },
                        "global_cluster_identifier": {
                            "references": [
                                "aws_rds_global_cluster.example.id",
                                "aws_rds_global_cluster.example"
                            ]
                        },
                        "master_password": {
                            "constant_value": "somepass123"
                        },
                        "master_username": {
                            "constant_value": "username"
                        }
                    },
                    "schema_version": 0
                },
                {
                    "address": "aws_rds_cluster.secondary",
                    "mode": "managed",
                    "type": "aws_rds_cluster",
                    "name": "secondary",
                    "provider_config_key": "aws.secondary",
                    "expressions": {
                        "cluster_identifier": {
                            "references": [
                                "var.rds_secondary_cluster_identifier"
                            ]
                        },
                        "db_subnet_group_name": {
                            "constant_value": "default"
                        },
                        "engine": {
                            "references": [
                                "aws_rds_global_cluster.example.engine",
                                "aws_rds_global_cluster.example"
                            ]
                        },
                        "engine_version": {
                            "references": [
                                "aws_rds_global_cluster.example.engine_version",
                                "aws_rds_global_cluster.example"
                            ]
                        },
                        "global_cluster_identifier": {
                            "references": [
                                "aws_rds_global_cluster.example.id",
                                "aws_rds_global_cluster.example"
                            ]
                        }
                    },
                    "schema_version": 0
                },
                {
                    "address": "aws_rds_cluster_instance.primary",
                    "mode": "managed",
                    "type": "aws_rds_cluster_instance",
                    "name": "primary",
                    "provider_config_key": "aws.primary",
                    "expressions": {
                        "cluster_identifier": {
                            "references": [
                                "aws_rds_cluster.primary.id",
                                "aws_rds_cluster.primary"
                            ]
                        },
                        "db_subnet_group_name": {
                            "constant_value": "default"
                        },
                        "engine": {
                            "references": [
                                "aws_rds_global_cluster.example.engine",
                                "aws_rds_global_cluster.example"
                            ]
                        },
                        "engine_version": {
                            "references": [
                                "aws_rds_global_cluster.example.engine_version",
                                "aws_rds_global_cluster.example"
                            ]
                        },
                        "identifier": {
                            "constant_value": "app1-primary-cluster-instance"
                        },
                        "instance_class": {
                            "constant_value": "db.r4.large"
                        }
                    },
                    "schema_version": 0
                },
                {
                    "address": "aws_rds_cluster_instance.secondary",
                    "mode": "managed",
                    "type": "aws_rds_cluster_instance",
                    "name": "secondary",
                    "provider_config_key": "aws.secondary",
                    "expressions": {
                        "cluster_identifier": {
                            "references": [
                                "aws_rds_cluster.secondary.id",
                                "aws_rds_cluster.secondary"
                            ]
                        },
                        "db_subnet_group_name": {
                            "constant_value": "default"
                        },
                        "engine": {
                            "references": [
                                "aws_rds_global_cluster.example.engine",
                                "aws_rds_global_cluster.example"
                            ]
                        },
                        "engine_version": {
                            "references": [
                                "aws_rds_global_cluster.example.engine_version",
                                "aws_rds_global_cluster.example"
                            ]
                        },
                        "identifier": {
                            "constant_value": "app1-secondary-cluster-instance"
                        },
                        "instance_class": {
                            "constant_value": "db.r4.large"
                        }
                    },
                    "schema_version": 0,
                    "depends_on": [
                        "aws_rds_cluster_instance.primary"
                    ]
                },
                {
                    "address": "aws_rds_global_cluster.example",
                    "mode": "managed",
                    "type": "aws_rds_global_cluster",
                    "name": "example",
                    "provider_config_key": "aws",
                    "expressions": {
                        "database_name": {
                            "constant_value": "example_db"
                        },
                        "engine": {
                            "constant_value": "aurora"
                        },
                        "engine_version": {
                            "constant_value": "5.6.mysql_aurora.1.22.2"
                        },
                        "global_cluster_identifier": {
                            "references": [
                                "var.global_cluster_identifier"
                            ]
                        }
                    },
                    "schema_version": 0
                }
            ],
            "variables": {
                "global_cluster_identifier": {
                    "default": "app1-rds-global"
                },
                "rds_primary_cluster_identifier": {
                    "default": "app1-rds-primary"
                },
                "rds_secondary_cluster_identifier": {
                    "default": "app1-rds-secondary"
                }
            }
        }
    }
}